
Microsoft Visual Studio Solution File, Format Version 12.00
# Visual Studio 15
VisualStudioVersion = 15.0.26228.9
MinimumVisualStudioVersion = 10.0.40219.1
Project("{FAE04EC0-301F-11D3-BF4B-00C04F79EFBC}") = "november_projekt", "november_projekt\november_projekt.csproj", "{43ACD400-E395-4713-81E8-808846A0AA60}"
EndProject
Global
	GlobalSection(SolutionConfigurationPlatforms) = preSolution
		Debug|Any CPU = Debug|Any CPU
		Release|Any CPU = Release|Any CPU
	EndGlobalSection
	GlobalSection(ProjectConfigurationPlatforms) = postSolution
		{43ACD400-E395-4713-81E8-808846A0AA60}.Debug|Any CPU.ActiveCfg = Debug|Any CPU
		{43ACD400-E395-4713-81E8-808846A0AA60}.Debug|Any CPU.Build.0 = Debug|Any CPU
		{43ACD400-E395-4713-81E8-808846A0AA60}.Release|Any CPU.ActiveCfg = Release|Any CPU
		{43ACD400-E395-4713-81E8-808846A0AA60}.Release|Any CPU.Build.0 = Release|Any CPU
	EndGlobalSection
	GlobalSection(SolutionProperties) = preSolution
		HideSolutionNode = FALSE
	EndGlobalSection
EndGlobal
